
Microsoft Visual Studio Solution File, Format Version 12.00
# Visual Studio 15
VisualStudioVersion = 15.0.27428.2043
MinimumVisualStudioVersion = 10.0.40219.1
Project("{8BC9CEB8-8B4A-11D0-8D11-00A0C91BC942}") = "MultiClient-server", "MultiClient-server\MultiClient-server.vcxproj", "{AEF6E091-EB26-4F56-852C-E57C070D2BFC}"
EndProject
Global
	GlobalSection(SolutionConfigurationPlatforms) = preSolution
		Debug|x64 = Debug|x64
		Debug|x86 = Debug|x86
		Release|x64 = Release|x64
		Release|x86 = Release|x86
	EndGlobalSection
	GlobalSection(ProjectConfigurationPlatforms) = postSolution
		{AEF6E091-EB26-4F56-852C-E57C070D2BFC}.Debug|x64.ActiveCfg = Debug|x64
		{AEF6E091-EB26-4F56-852C-E57C070D2BFC}.Debug|x64.Build.0 = Debug|x64
		{AEF6E091-EB26-4F56-852C-E57C070D2BFC}.Debug|x86.ActiveCfg = Debug|Win32
		{AEF6E091-EB26-4F56-852C-E57C070D2BFC}.Debug|x86.Build.0 = Debug|Win32
		{AEF6E091-EB26-4F56-852C-E57C070D2BFC}.Release|x64.ActiveCfg = Release|x64
		{AEF6E091-EB26-4F56-852C-E57C070D2BFC}.Release|x64.Build.0 = Release|x64
		{AEF6E091-EB26-4F56-852C-E57C070D2BFC}.Release|x86.ActiveCfg = Release|Win32
		{AEF6E091-EB26-4F56-852C-E57C070D2BFC}.Release|x86.Build.0 = Release|Win32
	EndGlobalSection
	GlobalSection(SolutionProperties) = preSolution
		HideSolutionNode = FALSE
	EndGlobalSection
	GlobalSection(ExtensibilityGlobals) = postSolution
		SolutionGuid = {18D5433D-C204-49F3-9BE6-D3EBF6705DA0}
	EndGlobalSection
EndGlobal
